// !$*UTF8*$!
{
	archiveVersion = 1;
	classes = {
	};
	objectVersion = 48;
	objects = {

/* Begin PBXBuildFile section */
		175755DA1FC0322500EEE434 /* AppDelegate.swift in Sources */ = {isa = PBXBuildFile; fileRef = 175755D91FC0322500EEE434 /* AppDelegate.swift */; };
		175755DC1FC0322500EEE434 /* MenuVC.swift in Sources */ = {isa = PBXBuildFile; fileRef = 175755DB1FC0322500EEE434 /* MenuVC.swift */; };
		175755DF1FC0322500EEE434 /* Main.storyboard in Resources */ = {isa = PBXBuildFile; fileRef = 175755DD1FC0322500EEE434 /* Main.storyboard */; };
		175755E11FC0322500EEE434 /* Assets.xcassets in Resources */ = {isa = PBXBuildFile; fileRef = 175755E01FC0322500EEE434 /* Assets.xcassets */; };
		175755E41FC0322500EEE434 /* LaunchScreen.storyboard in Resources */ = {isa = PBXBuildFile; fileRef = 175755E21FC0322500EEE434 /* LaunchScreen.storyboard */; };
		175755EF1FC0322500EEE434 /* JokeAppTests.swift in Sources */ = {isa = PBXBuildFile; fileRef = 175755EE1FC0322500EEE434 /* JokeAppTests.swift */; };
		175755FA1FC0322500EEE434 /* JokeAppUITests.swift in Sources */ = {isa = PBXBuildFile; fileRef = 175755F91FC0322500EEE434 /* JokeAppUITests.swift */; };
		175756081FC03C1000EEE434 /* NetworkManager.swift in Sources */ = {isa = PBXBuildFile; fileRef = 175756071FC03C1000EEE434 /* NetworkManager.swift */; };
/* End PBXBuildFile section */

/* Begin PBXContainerItemProxy section */
		175755EB1FC0322500EEE434 /* PBXContainerItemProxy */ = {
			isa = PBXContainerItemProxy;
			containerPortal = 175755CE1FC0322400EEE434 /* Project object */;
			proxyType = 1;
			remoteGlobalIDString = 175755D51FC0322500EEE434;
			remoteInfo = JokeApp;
		};
		175755F61FC0322500EEE434 /* PBXContainerItemProxy */ = {
			isa = PBXContainerItemProxy;
			containerPortal = 175755CE1FC0322400EEE434 /* Project object */;
			proxyType = 1;
			remoteGlobalIDString = 175755D51FC0322500EEE434;
			remoteInfo = JokeApp;
		};
/* End PBXContainerItemProxy section */

/* Begin PBXFileReference section */
		175755D61FC0322500EEE434 /* JokeApp.app */ = {isa = PBXFileReference; explicitFileType = wrapper.application; includeInIndex = 0; path = JokeApp.app; sourceTree = BUILT_PRODUCTS_DIR; };
		175755D91FC0322500EEE434 /* AppDelegate.swift */ = {isa = PBXFileReference; lastKnownFileType = sourcecode.swift; path = AppDelegate.swift; sourceTree = "<group>"; };
		175755DB1FC0322500EEE434 /* MenuVC.swift */ = {isa = PBXFileReference; lastKnownFileType = sourcecode.swift; path = MenuVC.swift; sourceTree = "<group>"; };
		175755DE1FC0322500EEE434 /* Base */ = {isa = PBXFileReference; lastKnownFileType = file.storyboard; name = Base; path = Base.lproj/Main.storyboard; sourceTree = "<group>"; };
		175755E01FC0322500EEE434 /* Assets.xcassets */ = {isa = PBXFileReference; lastKnownFileType = folder.assetcatalog; path = Assets.xcassets; sourceTree = "<group>"; };
		175755E31FC0322500EEE434 /* Base */ = {isa = PBXFileReference; lastKnownFileType = file.storyboard; name = Base; path = Base.lproj/LaunchScreen.storyboard; sourceTree = "<group>"; };
		175755E51FC0322500EEE434 /* Info.plist */ = {isa = PBXFileReference; lastKnownFileType = text.plist.xml; path = Info.plist; sourceTree = "<group>"; };
		175755EA1FC0322500EEE434 /* JokeAppTests.xctest */ = {isa = PBXFileReference; explicitFileType = wrapper.cfbundle; includeInIndex = 0; path = JokeAppTests.xctest; sourceTree = BUILT_PRODUCTS_DIR; };
		175755EE1FC0322500EEE434 /* JokeAppTests.swift */ = {isa = PBXFileReference; lastKnownFileType = sourcecode.swift; path = JokeAppTests.swift; sourceTree = "<group>"; };
		175755F01FC0322500EEE434 /* Info.plist */ = {isa = PBXFileReference; lastKnownFileType = text.plist.xml; path = Info.plist; sourceTree = "<group>"; };
		175755F51FC0322500EEE434 /* JokeAppUITests.xctest */ = {isa = PBXFileReference; explicitFileType = wrapper.cfbundle; includeInIndex = 0; path = JokeAppUITests.xctest; sourceTree = BUILT_PRODUCTS_DIR; };
		175755F91FC0322500EEE434 /* JokeAppUITests.swift */ = {isa = PBXFileReference; lastKnownFileType = sourcecode.swift; path = JokeAppUITests.swift; sourceTree = "<group>"; };
		175755FB1FC0322500EEE434 /* Info.plist */ = {isa = PBXFileReference; lastKnownFileType = text.plist.xml; path = Info.plist; sourceTree = "<group>"; };
		175756071FC03C1000EEE434 /* NetworkManager.swift */ = {isa = PBXFileReference; lastKnownFileType = sourcecode.swift; path = NetworkManager.swift; sourceTree = "<group>"; };
/* End PBXFileReference section */

/* Begin PBXFrameworksBuildPhase section */
		175755D31FC0322500EEE434 /* Frameworks */ = {
			isa = PBXFrameworksBuildPhase;
			buildActionMask = 2147483647;
			files = (
			);
			runOnlyForDeploymentPostprocessing = 0;
		};
		175755E71FC0322500EEE434 /* Frameworks */ = {
			isa = PBXFrameworksBuildPhase;
			buildActionMask = 2147483647;
			files = (
			);
			runOnlyForDeploymentPostprocessing = 0;
		};
		175755F21FC0322500EEE434 /* Frameworks */ = {
			isa = PBXFrameworksBuildPhase;
			buildActionMask = 2147483647;
			files = (
			);
			runOnlyForDeploymentPostprocessing = 0;
		};
/* End PBXFrameworksBuildPhase section */

/* Begin PBXGroup section */
		175755CD1FC0322400EEE434 = {
			isa = PBXGroup;
			children = (
				175755D81FC0322500EEE434 /* JokeApp */,
				175755ED1FC0322500EEE434 /* JokeAppTests */,
				175755F81FC0322500EEE434 /* JokeAppUITests */,
				175755D71FC0322500EEE434 /* Products */,
			);
			sourceTree = "<group>";
		};
		175755D71FC0322500EEE434 /* Products */ = {
			isa = PBXGroup;
			children = (
				175755D61FC0322500EEE434 /* JokeApp.app */,
				175755EA1FC0322500EEE434 /* JokeAppTests.xctest */,
				175755F51FC0322500EEE434 /* JokeAppUITests.xctest */,
			);
			name = Products;
			sourceTree = "<group>";
		};
		175755D81FC0322500EEE434 /* JokeApp */ = {
			isa = PBXGroup;
			children = (
				175755D91FC0322500EEE434 /* AppDelegate.swift */,
				175755DB1FC0322500EEE434 /* MenuVC.swift */,
				175755DD1FC0322500EEE434 /* Main.storyboard */,
				175755E01FC0322500EEE434 /* Assets.xcassets */,
				175755E21FC0322500EEE434 /* LaunchScreen.storyboard */,
				175755E51FC0322500EEE434 /* Info.plist */,
				175756071FC03C1000EEE434 /* NetworkManager.swift */,
			);
			path = JokeApp;
			sourceTree = "<group>";
		};
		175755ED1FC0322500EEE434 /* JokeAppTests */ = {
			isa = PBXGroup;
			children = (
				175755EE1FC0322500EEE434 /* JokeAppTests.swift */,
				175755F01FC0322500EEE434 /* Info.plist */,
			);
			path = JokeAppTests;
			sourceTree = "<group>";
		};
		175755F81FC0322500EEE434 /* JokeAppUITests */ = {
			isa = PBXGroup;
			children = (
				175755F91FC0322500EEE434 /* JokeAppUITests.swift */,
				175755FB1FC0322500EEE434 /* Info.plist */,
			);
			path = JokeAppUITests;
			sourceTree = "<group>";
		};
/* End PBXGroup section */

/* Begin PBXNativeTarget section */
		175755D51FC0322500EEE434 /* JokeApp */ = {
			isa = PBXNativeTarget;
			buildConfigurationList = 175755FE1FC0322500EEE434 /* Build configuration list for PBXNativeTarget "JokeApp" */;
			buildPhases = (
				175755D21FC0322500EEE434 /* Sources */,
				175755D31FC0322500EEE434 /* Frameworks */,
				175755D41FC0322500EEE434 /* Resources */,
			);
			buildRules = (
			);
			dependencies = (
			);
			name = JokeApp;
			productName = JokeApp;
			productReference = 175755D61FC0322500EEE434 /* JokeApp.app */;
			productType = "com.apple.product-type.application";
		};
		175755E91FC0322500EEE434 /* JokeAppTests */ = {
			isa = PBXNativeTarget;
			buildConfigurationList = 175756011FC0322500EEE434 /* Build configuration list for PBXNativeTarget "JokeAppTests" */;
			buildPhases = (
				175755E61FC0322500EEE434 /* Sources */,
				175755E71FC0322500EEE434 /* Frameworks */,
				175755E81FC0322500EEE434 /* Resources */,
			);
			buildRules = (
			);
			dependencies = (
				175755EC1FC0322500EEE434 /* PBXTargetDependency */,
			);
			name = JokeAppTests;
			productName = JokeAppTests;
			productReference = 175755EA1FC0322500EEE434 /* JokeAppTests.xctest */;
			productType = "com.apple.product-type.bundle.unit-test";
		};
		175755F41FC0322500EEE434 /* JokeAppUITests */ = {
			isa = PBXNativeTarget;
			buildConfigurationList = 175756041FC0322500EEE434 /* Build configuration list for PBXNativeTarget "JokeAppUITests" */;
			buildPhases = (
				175755F11FC0322500EEE434 /* Sources */,
				175755F21FC0322500EEE434 /* Frameworks */,
				175755F31FC0322500EEE434 /* Resources */,
			);
			buildRules = (
			);
			dependencies = (
				175755F71FC0322500EEE434 /* PBXTargetDependency */,
			);
			name = JokeAppUITests;
			productName = JokeAppUITests;
			productReference = 175755F51FC0322500EEE434 /* JokeAppUITests.xctest */;
			productType = "com.apple.product-type.bundle.ui-testing";
		};
/* End PBXNativeTarget section */

/* Begin PBXProject section */
		175755CE1FC0322400EEE434 /* Project object */ = {
			isa = PBXProject;
			attributes = {
				LastSwiftUpdateCheck = 0910;
				LastUpgradeCheck = 0910;
				ORGANIZATIONNAME = "Patrick Aloueichek";
				TargetAttributes = {
					175755D51FC0322500EEE434 = {
						CreatedOnToolsVersion = 9.1;
						ProvisioningStyle = Automatic;
					};
					175755E91FC0322500EEE434 = {
						CreatedOnToolsVersion = 9.1;
						ProvisioningStyle = Automatic;
						TestTargetID = 175755D51FC0322500EEE434;
					};
					175755F41FC0322500EEE434 = {
						CreatedOnToolsVersion = 9.1;
						ProvisioningStyle = Automatic;
						TestTargetID = 175755D51FC0322500EEE434;
					};
				};
			};
			buildConfigurationList = 175755D11FC0322400EEE434 /* Build configuration list for PBXProject "JokeApp" */;
			compatibilityVersion = "Xcode 8.0";
			developmentRegion = en;
			hasScannedForEncodings = 0;
			knownRegions = (
				en,
				Base,
			);
			mainGroup = 175755CD1FC0322400EEE434;
			productRefGroup = 175755D71FC0322500EEE434 /* Products */;
			projectDirPath = "";
			projectRoot = "";
			targets = (
				175755D51FC0322500EEE434 /* JokeApp */,
				175755E91FC0322500EEE434 /* JokeAppTests */,
				175755F41FC0322500EEE434 /* JokeAppUITests */,
			);
		};
/* End PBXProject section */

/* Begin PBXResourcesBuildPhase section */
		175755D41FC0322500EEE434 /* Resources */ = {
			isa = PBXResourcesBuildPhase;
			buildActionMask = 2147483647;
			files = (
				175755E41FC0322500EEE434 /* LaunchScreen.storyboard in Resources */,
				175755E11FC0322500EEE434 /* Assets.xcassets in Resources */,
				175755DF1FC0322500EEE434 /* Main.storyboard in Resources */,
			);
			runOnlyForDeploymentPostprocessing = 0;
		};
		175755E81FC0322500EEE434 /* Resources */ = {
			isa = PBXResourcesBuildPhase;
			buildActionMask = 2147483647;
			files = (
			);
			runOnlyForDeploymentPostprocessing = 0;
		};
		175755F31FC0322500EEE434 /* Resources */ = {
			isa = PBXResourcesBuildPhase;
			buildActionMask = 2147483647;
			files = (
			);
			runOnlyForDeploymentPostprocessing = 0;
		};
/* End PBXResourcesBuildPhase section */

/* Begin PBXSourcesBuildPhase section */
		175755D21FC0322500EEE434 /* Sources */ = {
			isa = PBXSourcesBuildPhase;
			buildActionMask = 2147483647;
			files = (
				175756081FC03C1000EEE434 /* NetworkManager.swift in Sources */,
				175755DC1FC0322500EEE434 /* MenuVC.swift in Sources */,
				175755DA1FC0322500EEE434 /* AppDelegate.swift in Sources */,
			);
			runOnlyForDeploymentPostprocessing = 0;
		};
		175755E61FC0322500EEE434 /* Sources */ = {
			isa = PBXSourcesBuildPhase;
			buildActionMask = 2147483647;
			files = (
				175755EF1FC0322500EEE434 /* JokeAppTests.swift in Sources */,
			);
			runOnlyForDeploymentPostprocessing = 0;
		};
		175755F11FC0322500EEE434 /* Sources */ = {
			isa = PBXSourcesBuildPhase;
			buildActionMask = 2147483647;
			files = (
				175755FA1FC0322500EEE434 /* JokeAppUITests.swift in Sources */,
			);
			runOnlyForDeploymentPostprocessing = 0;
		};
/* End PBXSourcesBuildPhase section */

/* Begin PBXTargetDependency section */
		175755EC1FC0322500EEE434 /* PBXTargetDependency */ = {
			isa = PBXTargetDependency;
			target = 175755D51FC0322500EEE434 /* JokeApp */;
			targetProxy = 175755EB1FC0322500EEE434 /* PBXContainerItemProxy */;
		};
		175755F71FC0322500EEE434 /* PBXTargetDependency */ = {
			isa = PBXTargetDependency;
			target = 175755D51FC0322500EEE434 /* JokeApp */;
			targetProxy = 175755F61FC0322500EEE434 /* PBXContainerItemProxy */;
		};
/* End PBXTargetDependency section */

/* Begin PBXVariantGroup section */
		175755DD1FC0322500EEE434 /* Main.storyboard */ = {
			isa = PBXVariantGroup;
			children = (
				175755DE1FC0322500EEE434 /* Base */,
			);
			name = Main.storyboard;
			sourceTree = "<group>";
		};
		175755E21FC0322500EEE434 /* LaunchScreen.storyboard */ = {
			isa = PBXVariantGroup;
			children = (
				175755E31FC0322500EEE434 /* Base */,
			);
			name = LaunchScreen.storyboard;
			sourceTree = "<group>";
		};
/* End PBXVariantGroup section */

/* Begin XCBuildConfiguration section */
		175755FC1FC0322500EEE434 /* Debug */ = {
			isa = XCBuildConfiguration;
			buildSettings = {
				ALWAYS_SEARCH_USER_PATHS = NO;
				CLANG_ANALYZER_NONNULL = YES;
				CLANG_ANALYZER_NUMBER_OBJECT_CONVERSION = YES_AGGRESSIVE;
				CLANG_CXX_LANGUAGE_STANDARD = "gnu++14";
				CLANG_CXX_LIBRARY = "libc++";
				CLANG_ENABLE_MODULES = YES;
				CLANG_ENABLE_OBJC_ARC = YES;
				CLANG_WARN_BLOCK_CAPTURE_AUTORELEASING = YES;
				CLANG_WARN_BOOL_CONVERSION = YES;
				CLANG_WARN_COMMA = YES;
				CLANG_WARN_CONSTANT_CONVERSION = YES;
				CLANG_WARN_DIRECT_OBJC_ISA_USAGE = YES_ERROR;
				CLANG_WARN_DOCUMENTATION_COMMENTS = YES;
				CLANG_WARN_EMPTY_BODY = YES;
				CLANG_WARN_ENUM_CONVERSION = YES;
				CLANG_WARN_INFINITE_RECURSION = YES;
				CLANG_WARN_INT_CONVERSION = YES;
				CLANG_WARN_NON_LITERAL_NULL_CONVERSION = YES;
				CLANG_WARN_OBJC_LITERAL_CONVERSION = YES;
				CLANG_WARN_OBJC_ROOT_CLASS = YES_ERROR;
				CLANG_WARN_RANGE_LOOP_ANALYSIS = YES;
				CLANG_WARN_STRICT_PROTOTYPES = YES;
				CLANG_WARN_SUSPICIOUS_MOVE = YES;
				CLANG_WARN_UNGUARDED_AVAILABILITY = YES_AGGRESSIVE;
				CLANG_WARN_UNREACHABLE_CODE = YES;
				CLANG_WARN__DUPLICATE_METHOD_MATCH = YES;
				CODE_SIGN_IDENTITY = "iPhone Developer";
				COPY_PHASE_STRIP = NO;
				DEBUG_INFORMATION_FORMAT = dwarf;
				ENABLE_STRICT_OBJC_MSGSEND = YES;
				ENABLE_TESTABILITY = YES;
				GCC_C_LANGUAGE_STANDARD = gnu11;
				GCC_DYNAMIC_NO_PIC = NO;
				GCC_NO_COMMON_BLOCKS = YES;
				GCC_OPTIMIZATION_LEVEL = 0;
				GCC_PREPROCESSOR_DEFINITIONS = (
					"DEBUG=1",
					"$(inherited)",
				);
				GCC_WARN_64_TO_32_BIT_CONVERSION = YES;
				GCC_WARN_ABOUT_RETURN_TYPE = YES_ERROR;
				GCC_WARN_UNDECLARED_SELECTOR = YES;
				GCC_WARN_UNINITIALIZED_AUTOS = YES_AGGRESSIVE;
				GCC_WARN_UNUSED_FUNCTION = YES;
				GCC_WARN_UNUSED_VARIABLE = YES;
				IPHONEOS_DEPLOYMENT_TARGET = 11.1;
				MTL_ENABLE_DEBUG_INFO = YES;
				ONLY_ACTIVE_ARCH = YES;
				SDKROOT = iphoneos;
				SWIFT_ACTIVE_COMPILATION_CONDITIONS = DEBUG;
				SWIFT_OPTIMIZATION_LEVEL = "-Onone";
			};
			name = Debug;
		};
		175755FD1FC0322500EEE434 /* Release */ = {
			isa = XCBuildConfiguration;
			buildSettings = {
				ALWAYS_SEARCH_USER_PATHS = NO;
				CLANG_ANALYZER_NONNULL = YES;
				CLANG_ANALYZER_NUMBER_OBJECT_CONVERSION = YES_AGGRESSIVE;
				CLANG_CXX_LANGUAGE_STANDARD = "gnu++14";
				CLANG_CXX_LIBRARY = "libc++";
				CLANG_ENABLE_MODULES = YES;
				CLANG_ENABLE_OBJC_ARC = YES;
				CLANG_WARN_BLOCK_CAPTURE_AUTORELEASING = YES;
				CLANG_WARN_BOOL_CONVERSION = YES;
				CLANG_WARN_COMMA = YES;
				CLANG_WARN_CONSTANT_CONVERSION = YES;
				CLANG_WARN_DIRECT_OBJC_ISA_USAGE = YES_ERROR;
				CLANG_WARN_DOCUMENTATION_COMMENTS = YES;
				CLANG_WARN_EMPTY_BODY = YES;
				CLANG_WARN_ENUM_CONVERSION = YES;
				CLANG_WARN_INFINITE_RECURSION = YES;
				CLANG_WARN_INT_CONVERSION = YES;
				CLANG_WARN_NON_LITERAL_NULL_CONVERSION = YES;
				CLANG_WARN_OBJC_LITERAL_CONVERSION = YES;
				CLANG_WARN_OBJC_ROOT_CLASS = YES_ERROR;
				CLANG_WARN_RANGE_LOOP_ANALYSIS = YES;
				CLANG_WARN_STRICT_PROTOTYPES = YES;
				CLANG_WARN_SUSPICIOUS_MOVE = YES;
				CLANG_WARN_UNGUARDED_AVAILABILITY = YES_AGGRESSIVE;
				CLANG_WARN_UNREACHABLE_CODE = YES;
				CLANG_WARN__DUPLICATE_METHOD_MATCH = YES;
				CODE_SIGN_IDENTITY = "iPhone Developer";
				COPY_PHASE_STRIP = NO;
				DEBUG_INFORMATION_FORMAT = "dwarf-with-dsym";
				ENABLE_NS_ASSERTIONS = NO;
				ENABLE_STRICT_OBJC_MSGSEND = YES;
				GCC_C_LANGUAGE_STANDARD = gnu11;
				GCC_NO_COMMON_BLOCKS = YES;
				GCC_WARN_64_TO_32_BIT_CONVERSION = YES;
				GCC_WARN_ABOUT_RETURN_TYPE = YES_ERROR;
				GCC_WARN_UNDECLARED_SELECTOR = YES;
				GCC_WARN_UNINITIALIZED_AUTOS = YES_AGGRESSIVE;
				GCC_WARN_UNUSED_FUNCTION = YES;
				GCC_WARN_UNUSED_VARIABLE = YES;
				IPHONEOS_DEPLOYMENT_TARGET = 11.1;
				MTL_ENABLE_DEBUG_INFO = NO;
				SDKROOT = iphoneos;
				SWIFT_OPTIMIZATION_LEVEL = "-Owholemodule";
				VALIDATE_PRODUCT = YES;
			};
			name = Release;
		};
		175755FF1FC0322500EEE434 /* Debug */ = {
			isa = XCBuildConfiguration;
			buildSettings = {
				ASSETCATALOG_COMPILER_APPICON_NAME = AppIcon;
				CODE_SIGN_STYLE = Automatic;
				DEVELOPMENT_TEAM = 8F2HEPF2DN;
				INFOPLIST_FILE = JokeApp/Info.plist;
				LD_RUNPATH_SEARCH_PATHS = "$(inherited) @executable_path/Frameworks";
				PRODUCT_BUNDLE_IDENTIFIER = p.aloueichek.JokeApp;
				PRODUCT_NAME = "$(TARGET_NAME)";
				SWIFT_VERSION = 4.0;
				TARGETED_DEVICE_FAMILY = "1,2";
			};
			name = Debug;
		};
		175756001FC0322500EEE434 /* Release */ = {
			isa = XCBuildConfiguration;
			buildSettings = {
				ASSETCATALOG_COMPILER_APPICON_NAME = AppIcon;
				CODE_SIGN_STYLE = Automatic;
				DEVELOPMENT_TEAM = 8F2HEPF2DN;
				INFOPLIST_FILE = JokeApp/Info.plist;
				LD_RUNPATH_SEARCH_PATHS = "$(inherited) @executable_path/Frameworks";
				PRODUCT_BUNDLE_IDENTIFIER = p.aloueichek.JokeApp;
				PRODUCT_NAME = "$(TARGET_NAME)";
				SWIFT_VERSION = 4.0;
				TARGETED_DEVICE_FAMILY = "1,2";
			};
			name = Release;
		};
		175756021FC0322500EEE434 /* Debug */ = {
			isa = XCBuildConfiguration;
			buildSettings = {
				ALWAYS_EMBED_SWIFT_STANDARD_LIBRARIES = YES;
				BUNDLE_LOADER = "$(TEST_HOST)";
				CODE_SIGN_STYLE = Automatic;
				INFOPLIST_FILE = JokeAppTests/Info.plist;
				LD_RUNPATH_SEARCH_PATHS = "$(inherited) @executable_path/Frameworks @loader_path/Frameworks";
				PRODUCT_BUNDLE_IDENTIFIER = p.aloueichek.JokeAppTests;
				PRODUCT_NAME = "$(TARGET_NAME)";
				SWIFT_VERSION = 4.0;
				TARGETED_DEVICE_FAMILY = "1,2";
				TEST_HOST = "$(BUILT_PRODUCTS_DIR)/JokeApp.app/JokeApp";
			};
			name = Debug;
		};
		175756031FC0322500EEE434 /* Release */ = {
			isa = XCBuildConfiguration;
			buildSettings = {
				ALWAYS_EMBED_SWIFT_STANDARD_LIBRARIES = YES;
				BUNDLE_LOADER = "$(TEST_HOST)";
				CODE_SIGN_STYLE = Automatic;
				INFOPLIST_FILE = JokeAppTests/Info.plist;
				LD_RUNPATH_SEARCH_PATHS = "$(inherited) @executable_path/Frameworks @loader_path/Frameworks";
				PRODUCT_BUNDLE_IDENTIFIER = p.aloueichek.JokeAppTests;
				PRODUCT_NAME = "$(TARGET_NAME)";
				SWIFT_VERSION = 4.0;
				TARGETED_DEVICE_FAMILY = "1,2";
				TEST_HOST = "$(BUILT_PRODUCTS_DIR)/JokeApp.app/JokeApp";
			};
			name = Release;
		};
		175756051FC0322500EEE434 /* Debug */ = {
			isa = XCBuildConfiguration;
			buildSettings = {
				ALWAYS_EMBED_SWIFT_STANDARD_LIBRARIES = YES;
				CODE_SIGN_STYLE = Automatic;
				INFOPLIST_FILE = JokeAppUITests/Info.plist;
				LD_RUNPATH_SEARCH_PATHS = "$(inherited) @executable_path/Frameworks @loader_path/Frameworks";
				PRODUCT_BUNDLE_IDENTIFIER = p.aloueichek.JokeAppUITests;
				PRODUCT_NAME = "$(TARGET_NAME)";
				SWIFT_VERSION = 4.0;
				TARGETED_DEVICE_FAMILY = "1,2";
				TEST_TARGET_NAME = JokeApp;
			};
			name = Debug;
		};
		175756061FC0322500EEE434 /* Release */ = {
			isa = XCBuildConfiguration;
			buildSettings = {
				ALWAYS_EMBED_SWIFT_STANDARD_LIBRARIES = YES;
				CODE_SIGN_STYLE = Automatic;
				INFOPLIST_FILE = JokeAppUITests/Info.plist;
				LD_RUNPATH_SEARCH_PATHS = "$(inherited) @executable_path/Frameworks @loader_path/Frameworks";
				PRODUCT_BUNDLE_IDENTIFIER = p.aloueichek.JokeAppUITests;
				PRODUCT_NAME = "$(TARGET_NAME)";
				SWIFT_VERSION = 4.0;
				TARGETED_DEVICE_FAMILY = "1,2";
				TEST_TARGET_NAME = JokeApp;
			};
			name = Release;
		};
/* End XCBuildConfiguration section */

/* Begin XCConfigurationList section */
		175755D11FC0322400EEE434 /* Build configuration list for PBXProject "JokeApp" */ = {
			isa = XCConfigurationList;
			buildConfigurations = (
				175755FC1FC0322500EEE434 /* Debug */,
				175755FD1FC0322500EEE434 /* Release */,
			);
			defaultConfigurationIsVisible = 0;
			defaultConfigurationName = Release;
		};
		175755FE1FC0322500EEE434 /* Build configuration list for PBXNativeTarget "JokeApp" */ = {
			isa = XCConfigurationList;
			buildConfigurations = (
				175755FF1FC0322500EEE434 /* Debug */,
				175756001FC0322500EEE434 /* Release */,
			);
			defaultConfigurationIsVisible = 0;
			defaultConfigurationName = Release;
		};
		175756011FC0322500EEE434 /* Build configuration list for PBXNativeTarget "JokeAppTests" */ = {
			isa = XCConfigurationList;
			buildConfigurations = (
				175756021FC0322500EEE434 /* Debug */,
				175756031FC0322500EEE434 /* Release */,
			);
			defaultConfigurationIsVisible = 0;
			defaultConfigurationName = Release;
		};
		175756041FC0322500EEE434 /* Build configuration list for PBXNativeTarget "JokeAppUITests" */ = {
			isa = XCConfigurationList;
			buildConfigurations = (
				175756051FC0322500EEE434 /* Debug */,
				175756061FC0322500EEE434 /* Release */,
			);
			defaultConfigurationIsVisible = 0;
			defaultConfigurationName = Release;
		};
/* End XCConfigurationList section */
	};
	rootObject = 175755CE1FC0322400EEE434 /* Project object */;
}
